{
  "name": "hub-project",
  "version": "1.0.0",
  "dependencies": {
    "vue": {
      "version": "2.5.9",
      "from": "vue@>=2.5.2 <3.0.0",
      "resolved": "https://registry.npmjs.org/vue/-/vue-2.5.9.tgz"
    },
    "vue-router": {
      "version": "3.0.1",
      "from": "vue-router@>=3.0.1 <4.0.0",
      "resolved": "https://registry.npmjs.org/vue-router/-/vue-router-3.0.1.tgz"
    }
  }
}
